
Microsoft Visual Studio Solution File, Format Version 12.00
# Visual Studio Version 17
VisualStudioVersion = 17.5.33502.453
MinimumVisualStudioVersion = 10.0.40219.1
Project("{FAE04EC0-301F-11D3-BF4B-00C04F79EFBC}") = "NewCSharpStuff", "NewCSharpStuff.csproj", "{2CC54FDA-7A32-4EE5-84EE-FCC155BB6B4F}"
EndProject
Global
	GlobalSection(SolutionConfigurationPlatforms) = preSolution
		Debug|Any CPU = Debug|Any CPU
		Release|Any CPU = Release|Any CPU
	EndGlobalSection
	GlobalSection(ProjectConfigurationPlatforms) = postSolution
		{2CC54FDA-7A32-4EE5-84EE-FCC155BB6B4F}.Debug|Any CPU.ActiveCfg = Debug|Any CPU
		{2CC54FDA-7A32-4EE5-84EE-FCC155BB6B4F}.Debug|Any CPU.Build.0 = Debug|Any CPU
		{2CC54FDA-7A32-4EE5-84EE-FCC155BB6B4F}.Release|Any CPU.ActiveCfg = Release|Any CPU
		{2CC54FDA-7A32-4EE5-84EE-FCC155BB6B4F}.Release|Any CPU.Build.0 = Release|Any CPU
	EndGlobalSection
	GlobalSection(SolutionProperties) = preSolution
		HideSolutionNode = FALSE
	EndGlobalSection
	GlobalSection(ExtensibilityGlobals) = postSolution
		SolutionGuid = {469300AE-7DA7-4A63-A393-0833EC89539D}
	EndGlobalSection
EndGlobal
